// !$*UTF8*$!
{
	archiveVersion = 1;
	classes = {
	};
	objectVersion = 50;
	objects = {

/* Begin PBXBuildFile section */
		FA41BC8D25FC2AAF00C50234 /* QuickSort.swift in Sources */ = {isa = PBXBuildFile; fileRef = FA41BC8C25FC2AAF00C50234 /* QuickSort.swift */; };
		FA41BC9E25FD431200C50234 /* Crawler.swift in Sources */ = {isa = PBXBuildFile; fileRef = FA41BC9D25FD431200C50234 /* Crawler.swift */; };
		FA41BCB025FFF72900C50234 /* Bag.swift in Sources */ = {isa = PBXBuildFile; fileRef = FA41BCAF25FFF72900C50234 /* Bag.swift */; };
		FA41BCB425FFF73100C50234 /* Stack.swift in Sources */ = {isa = PBXBuildFile; fileRef = FA41BCB325FFF73000C50234 /* Stack.swift */; };
		FA41BCB725FFF73900C50234 /* Queue.swift in Sources */ = {isa = PBXBuildFile; fileRef = FA41BCB625FFF73900C50234 /* Queue.swift */; };
		FA4AC70A25F820AA00B8F291 /* main.swift in Sources */ = {isa = PBXBuildFile; fileRef = FA4AC70925F820AA00B8F291 /* main.swift */; };
		FA4AC71325F8210B00B8F291 /* Recursion.swift in Sources */ = {isa = PBXBuildFile; fileRef = FA4AC71225F8210B00B8F291 /* Recursion.swift */; };
		FA6F8A6025FA685B008E95FD /* String+DPStringTool.swift in Sources */ = {isa = PBXBuildFile; fileRef = FA6F8A5F25FA685B008E95FD /* String+DPStringTool.swift */; };
		FA6F8ABF25FAC8F9008E95FD /* BackTracking.swift in Sources */ = {isa = PBXBuildFile; fileRef = FA6F8ABE25FAC8F9008E95FD /* BackTracking.swift */; };
		FA6F8AC425FAD0A5008E95FD /* QueensSolver.swift in Sources */ = {isa = PBXBuildFile; fileRef = FA6F8AC225FAD0A5008E95FD /* QueensSolver.swift */; };
		FA6F8AC525FAD0A5008E95FD /* Board.swift in Sources */ = {isa = PBXBuildFile; fileRef = FA6F8AC325FAD0A5008E95FD /* Board.swift */; };
		FAA12DF125F915BF006D9C4B /* Assignment1.swift in Sources */ = {isa = PBXBuildFile; fileRef = FAA12DF025F915BF006D9C4B /* Assignment1.swift */; };
		FAA12DF725F975FB006D9C4B /* ExhaustiveResearch.swift in Sources */ = {isa = PBXBuildFile; fileRef = FAA12DF625F975FB006D9C4B /* ExhaustiveResearch.swift */; };
/* End PBXBuildFile section */

/* Begin PBXCopyFilesBuildPhase section */
		FA4AC70425F820AA00B8F291 /* CopyFiles */ = {
			isa = PBXCopyFilesBuildPhase;
			buildActionMask = 2147483647;
			dstPath = /usr/share/man/man1/;
			dstSubfolderSpec = 0;
			files = (
			);
			runOnlyForDeploymentPostprocessing = 1;
		};
/* End PBXCopyFilesBuildPhase section */

/* Begin PBXFileReference section */
		FA41BC8C25FC2AAF00C50234 /* QuickSort.swift */ = {isa = PBXFileReference; lastKnownFileType = sourcecode.swift; path = QuickSort.swift; sourceTree = "<group>"; };
		FA41BC9D25FD431200C50234 /* Crawler.swift */ = {isa = PBXFileReference; lastKnownFileType = sourcecode.swift; path = Crawler.swift; sourceTree = "<group>"; };
		FA41BCAF25FFF72900C50234 /* Bag.swift */ = {isa = PBXFileReference; lastKnownFileType = sourcecode.swift; path = Bag.swift; sourceTree = "<group>"; };
		FA41BCB325FFF73000C50234 /* Stack.swift */ = {isa = PBXFileReference; lastKnownFileType = sourcecode.swift; path = Stack.swift; sourceTree = "<group>"; };
		FA41BCB625FFF73900C50234 /* Queue.swift */ = {isa = PBXFileReference; lastKnownFileType = sourcecode.swift; path = Queue.swift; sourceTree = "<group>"; };
		FA4AC70625F820AA00B8F291 /* AlgorithmsDataStructures */ = {isa = PBXFileReference; explicitFileType = "compiled.mach-o.executable"; includeInIndex = 0; path = AlgorithmsDataStructures; sourceTree = BUILT_PRODUCTS_DIR; };
		FA4AC70925F820AA00B8F291 /* main.swift */ = {isa = PBXFileReference; lastKnownFileType = sourcecode.swift; path = main.swift; sourceTree = "<group>"; };
		FA4AC71225F8210B00B8F291 /* Recursion.swift */ = {isa = PBXFileReference; lastKnownFileType = sourcecode.swift; path = Recursion.swift; sourceTree = "<group>"; };
		FA6F8A5F25FA685B008E95FD /* String+DPStringTool.swift */ = {isa = PBXFileReference; lastKnownFileType = sourcecode.swift; path = "String+DPStringTool.swift"; sourceTree = "<group>"; };
		FA6F8ABE25FAC8F9008E95FD /* BackTracking.swift */ = {isa = PBXFileReference; lastKnownFileType = sourcecode.swift; path = BackTracking.swift; sourceTree = "<group>"; };
		FA6F8AC225FAD0A5008E95FD /* QueensSolver.swift */ = {isa = PBXFileReference; fileEncoding = 4; lastKnownFileType = sourcecode.swift; path = QueensSolver.swift; sourceTree = "<group>"; };
		FA6F8AC325FAD0A5008E95FD /* Board.swift */ = {isa = PBXFileReference; fileEncoding = 4; lastKnownFileType = sourcecode.swift; path = Board.swift; sourceTree = "<group>"; };
		FAA12DF025F915BF006D9C4B /* Assignment1.swift */ = {isa = PBXFileReference; lastKnownFileType = sourcecode.swift; path = Assignment1.swift; sourceTree = "<group>"; };
		FAA12DF625F975FB006D9C4B /* ExhaustiveResearch.swift */ = {isa = PBXFileReference; lastKnownFileType = sourcecode.swift; path = ExhaustiveResearch.swift; sourceTree = "<group>"; };
/* End PBXFileReference section */

/* Begin PBXFrameworksBuildPhase section */
		FA4AC70325F820AA00B8F291 /* Frameworks */ = {
			isa = PBXFrameworksBuildPhase;
			buildActionMask = 2147483647;
			files = (
			);
			runOnlyForDeploymentPostprocessing = 0;
		};
/* End PBXFrameworksBuildPhase section */

/* Begin PBXGroup section */
		FA41BC8B25FC2A9200C50234 /* QuickSort */ = {
			isa = PBXGroup;
			children = (
				FA41BC8C25FC2AAF00C50234 /* QuickSort.swift */,
			);
			path = QuickSort;
			sourceTree = "<group>";
		};
		FA41BCAE25FFF6A900C50234 /* DataStructures1 */ = {
			isa = PBXGroup;
			children = (
				FA41BCAF25FFF72900C50234 /* Bag.swift */,
				FA41BCB325FFF73000C50234 /* Stack.swift */,
				FA41BCB625FFF73900C50234 /* Queue.swift */,
			);
			path = DataStructures1;
			sourceTree = "<group>";
		};
		FA4AC6FD25F820AA00B8F291 = {
			isa = PBXGroup;
			children = (
				FA4AC70825F820AA00B8F291 /* AlgorithmsDataStructures */,
				FA4AC70725F820AA00B8F291 /* Products */,
			);
			sourceTree = "<group>";
		};
		FA4AC70725F820AA00B8F291 /* Products */ = {
			isa = PBXGroup;
			children = (
				FA4AC70625F820AA00B8F291 /* AlgorithmsDataStructures */,
			);
			name = Products;
			sourceTree = "<group>";
		};
		FA4AC70825F820AA00B8F291 /* AlgorithmsDataStructures */ = {
			isa = PBXGroup;
			children = (
				FA41BCAE25FFF6A900C50234 /* DataStructures1 */,
				FA41BC8B25FC2A9200C50234 /* QuickSort */,
				FA6F8AC725FAD14A008E95FD /* MiniProject1 */,
				FA6F8AC125FAD05C008E95FD /* MiniProject2 */,
				FAA12DF525F975E5006D9C4B /* ExhaustiveResearch */,
				FA4AC71125F820F400B8F291 /* Recursion */,
				FA4AC70925F820AA00B8F291 /* main.swift */,
				FA6F8A5F25FA685B008E95FD /* String+DPStringTool.swift */,
			);
			path = AlgorithmsDataStructures;
			sourceTree = "<group>";
		};
		FA4AC71125F820F400B8F291 /* Recursion */ = {
			isa = PBXGroup;
			children = (
				FA4AC71225F8210B00B8F291 /* Recursion.swift */,
				FAA12DF025F915BF006D9C4B /* Assignment1.swift */,
			);
			path = Recursion;
			sourceTree = "<group>";
		};
		FA6F8AC125FAD05C008E95FD /* MiniProject2 */ = {
			isa = PBXGroup;
			children = (
				FA6F8AC325FAD0A5008E95FD /* Board.swift */,
				FA6F8AC225FAD0A5008E95FD /* QueensSolver.swift */,
			);
			path = MiniProject2;
			sourceTree = "<group>";
		};
		FA6F8AC725FAD14A008E95FD /* MiniProject1 */ = {
			isa = PBXGroup;
			children = (
				FA41BC9D25FD431200C50234 /* Crawler.swift */,
			);
			path = MiniProject1;
			sourceTree = "<group>";
		};
		FAA12DF525F975E5006D9C4B /* ExhaustiveResearch */ = {
			isa = PBXGroup;
			children = (
				FAA12DF625F975FB006D9C4B /* ExhaustiveResearch.swift */,
				FA6F8ABE25FAC8F9008E95FD /* BackTracking.swift */,
			);
			path = ExhaustiveResearch;
			sourceTree = "<group>";
		};
/* End PBXGroup section */

/* Begin PBXNativeTarget section */
		FA4AC70525F820AA00B8F291 /* AlgorithmsDataStructures */ = {
			isa = PBXNativeTarget;
			buildConfigurationList = FA4AC70D25F820AA00B8F291 /* Build configuration list for PBXNativeTarget "AlgorithmsDataStructures" */;
			buildPhases = (
				FA4AC70225F820AA00B8F291 /* Sources */,
				FA4AC70325F820AA00B8F291 /* Frameworks */,
				FA4AC70425F820AA00B8F291 /* CopyFiles */,
			);
			buildRules = (
			);
			dependencies = (
			);
			name = AlgorithmsDataStructures;
			productName = AlgorithmsDataStructures;
			productReference = FA4AC70625F820AA00B8F291 /* AlgorithmsDataStructures */;
			productType = "com.apple.product-type.tool";
		};
/* End PBXNativeTarget section */

/* Begin PBXProject section */
		FA4AC6FE25F820AA00B8F291 /* Project object */ = {
			isa = PBXProject;
			attributes = {
				LastSwiftUpdateCheck = 1240;
				LastUpgradeCheck = 1240;
				TargetAttributes = {
					FA4AC70525F820AA00B8F291 = {
						CreatedOnToolsVersion = 12.4;
					};
				};
			};
			buildConfigurationList = FA4AC70125F820AA00B8F291 /* Build configuration list for PBXProject "AlgorithmsDataStructures" */;
			compatibilityVersion = "Xcode 9.3";
			developmentRegion = en;
			hasScannedForEncodings = 0;
			knownRegions = (
				en,
				Base,
			);
			mainGroup = FA4AC6FD25F820AA00B8F291;
			productRefGroup = FA4AC70725F820AA00B8F291 /* Products */;
			projectDirPath = "";
			projectRoot = "";
			targets = (
				FA4AC70525F820AA00B8F291 /* AlgorithmsDataStructures */,
			);
		};
/* End PBXProject section */

/* Begin PBXSourcesBuildPhase section */
		FA4AC70225F820AA00B8F291 /* Sources */ = {
			isa = PBXSourcesBuildPhase;
			buildActionMask = 2147483647;
			files = (
				FAA12DF125F915BF006D9C4B /* Assignment1.swift in Sources */,
				FA6F8A6025FA685B008E95FD /* String+DPStringTool.swift in Sources */,
				FA41BCB425FFF73100C50234 /* Stack.swift in Sources */,
				FA6F8AC425FAD0A5008E95FD /* QueensSolver.swift in Sources */,
				FA4AC71325F8210B00B8F291 /* Recursion.swift in Sources */,
				FA41BC8D25FC2AAF00C50234 /* QuickSort.swift in Sources */,
				FA6F8ABF25FAC8F9008E95FD /* BackTracking.swift in Sources */,
				FA41BCB025FFF72900C50234 /* Bag.swift in Sources */,
				FA41BCB725FFF73900C50234 /* Queue.swift in Sources */,
				FA41BC9E25FD431200C50234 /* Crawler.swift in Sources */,
				FAA12DF725F975FB006D9C4B /* ExhaustiveResearch.swift in Sources */,
				FA6F8AC525FAD0A5008E95FD /* Board.swift in Sources */,
				FA4AC70A25F820AA00B8F291 /* main.swift in Sources */,
			);
			runOnlyForDeploymentPostprocessing = 0;
		};
/* End PBXSourcesBuildPhase section */

/* Begin XCBuildConfiguration section */
		FA4AC70B25F820AA00B8F291 /* Debug */ = {
			isa = XCBuildConfiguration;
			buildSettings = {
				ALWAYS_SEARCH_USER_PATHS = NO;
				CLANG_ANALYZER_NONNULL = YES;
				CLANG_ANALYZER_NUMBER_OBJECT_CONVERSION = YES_AGGRESSIVE;
				CLANG_CXX_LANGUAGE_STANDARD = "gnu++14";
				CLANG_CXX_LIBRARY = "libc++";
				CLANG_ENABLE_MODULES = YES;
				CLANG_ENABLE_OBJC_ARC = YES;
				CLANG_ENABLE_OBJC_WEAK = YES;
				CLANG_WARN_BLOCK_CAPTURE_AUTORELEASING = YES;
				CLANG_WARN_BOOL_CONVERSION = YES;
				CLANG_WARN_COMMA = YES;
				CLANG_WARN_CONSTANT_CONVERSION = YES;
				CLANG_WARN_DEPRECATED_OBJC_IMPLEMENTATIONS = YES;
				CLANG_WARN_DIRECT_OBJC_ISA_USAGE = YES_ERROR;
				CLANG_WARN_DOCUMENTATION_COMMENTS = YES;
				CLANG_WARN_EMPTY_BODY = YES;
				CLANG_WARN_ENUM_CONVERSION = YES;
				CLANG_WARN_INFINITE_RECURSION = YES;
				CLANG_WARN_INT_CONVERSION = YES;
				CLANG_WARN_NON_LITERAL_NULL_CONVERSION = YES;
				CLANG_WARN_OBJC_IMPLICIT_RETAIN_SELF = YES;
				CLANG_WARN_OBJC_LITERAL_CONVERSION = YES;
				CLANG_WARN_OBJC_ROOT_CLASS = YES_ERROR;
				CLANG_WARN_QUOTED_INCLUDE_IN_FRAMEWORK_HEADER = YES;
				CLANG_WARN_RANGE_LOOP_ANALYSIS = YES;
				CLANG_WARN_STRICT_PROTOTYPES = YES;
				CLANG_WARN_SUSPICIOUS_MOVE = YES;
				CLANG_WARN_UNGUARDED_AVAILABILITY = YES_AGGRESSIVE;
				CLANG_WARN_UNREACHABLE_CODE = YES;
				CLANG_WARN__DUPLICATE_METHOD_MATCH = YES;
				COPY_PHASE_STRIP = NO;
				DEBUG_INFORMATION_FORMAT = dwarf;
				ENABLE_STRICT_OBJC_MSGSEND = YES;
				ENABLE_TESTABILITY = YES;
				GCC_C_LANGUAGE_STANDARD = gnu11;
				GCC_DYNAMIC_NO_PIC = NO;
				GCC_NO_COMMON_BLOCKS = YES;
				GCC_OPTIMIZATION_LEVEL = 0;
				GCC_PREPROCESSOR_DEFINITIONS = (
					"DEBUG=1",
					"$(inherited)",
				);
				GCC_WARN_64_TO_32_BIT_CONVERSION = YES;
				GCC_WARN_ABOUT_RETURN_TYPE = YES_ERROR;
				GCC_WARN_UNDECLARED_SELECTOR = YES;
				GCC_WARN_UNINITIALIZED_AUTOS = YES_AGGRESSIVE;
				GCC_WARN_UNUSED_FUNCTION = YES;
				GCC_WARN_UNUSED_VARIABLE = YES;
				MACOSX_DEPLOYMENT_TARGET = 10.15;
				MTL_ENABLE_DEBUG_INFO = INCLUDE_SOURCE;
				MTL_FAST_MATH = YES;
				ONLY_ACTIVE_ARCH = YES;
				SDKROOT = macosx;
				SWIFT_ACTIVE_COMPILATION_CONDITIONS = DEBUG;
				SWIFT_OPTIMIZATION_LEVEL = "-Onone";
			};
			name = Debug;
		};
		FA4AC70C25F820AA00B8F291 /* Release */ = {
			isa = XCBuildConfiguration;
			buildSettings = {
				ALWAYS_SEARCH_USER_PATHS = NO;
				CLANG_ANALYZER_NONNULL = YES;
				CLANG_ANALYZER_NUMBER_OBJECT_CONVERSION = YES_AGGRESSIVE;
				CLANG_CXX_LANGUAGE_STANDARD = "gnu++14";
				CLANG_CXX_LIBRARY = "libc++";
				CLANG_ENABLE_MODULES = YES;
				CLANG_ENABLE_OBJC_ARC = YES;
				CLANG_ENABLE_OBJC_WEAK = YES;
				CLANG_WARN_BLOCK_CAPTURE_AUTORELEASING = YES;
				CLANG_WARN_BOOL_CONVERSION = YES;
				CLANG_WARN_COMMA = YES;
				CLANG_WARN_CONSTANT_CONVERSION = YES;
				CLANG_WARN_DEPRECATED_OBJC_IMPLEMENTATIONS = YES;
				CLANG_WARN_DIRECT_OBJC_ISA_USAGE = YES_ERROR;
				CLANG_WARN_DOCUMENTATION_COMMENTS = YES;
				CLANG_WARN_EMPTY_BODY = YES;
				CLANG_WARN_ENUM_CONVERSION = YES;
				CLANG_WARN_INFINITE_RECURSION = YES;
				CLANG_WARN_INT_CONVERSION = YES;
				CLANG_WARN_NON_LITERAL_NULL_CONVERSION = YES;
				CLANG_WARN_OBJC_IMPLICIT_RETAIN_SELF = YES;
				CLANG_WARN_OBJC_LITERAL_CONVERSION = YES;
				CLANG_WARN_OBJC_ROOT_CLASS = YES_ERROR;
				CLANG_WARN_QUOTED_INCLUDE_IN_FRAMEWORK_HEADER = YES;
				CLANG_WARN_RANGE_LOOP_ANALYSIS = YES;
				CLANG_WARN_STRICT_PROTOTYPES = YES;
				CLANG_WARN_SUSPICIOUS_MOVE = YES;
				CLANG_WARN_UNGUARDED_AVAILABILITY = YES_AGGRESSIVE;
				CLANG_WARN_UNREACHABLE_CODE = YES;
				CLANG_WARN__DUPLICATE_METHOD_MATCH = YES;
				COPY_PHASE_STRIP = NO;
				DEBUG_INFORMATION_FORMAT = "dwarf-with-dsym";
				ENABLE_NS_ASSERTIONS = NO;
				ENABLE_STRICT_OBJC_MSGSEND = YES;
				GCC_C_LANGUAGE_STANDARD = gnu11;
				GCC_NO_COMMON_BLOCKS = YES;
				GCC_WARN_64_TO_32_BIT_CONVERSION = YES;
				GCC_WARN_ABOUT_RETURN_TYPE = YES_ERROR;
				GCC_WARN_UNDECLARED_SELECTOR = YES;
				GCC_WARN_UNINITIALIZED_AUTOS = YES_AGGRESSIVE;
				GCC_WARN_UNUSED_FUNCTION = YES;
				GCC_WARN_UNUSED_VARIABLE = YES;
				MACOSX_DEPLOYMENT_TARGET = 10.15;
				MTL_ENABLE_DEBUG_INFO = NO;
				MTL_FAST_MATH = YES;
				SDKROOT = macosx;
				SWIFT_COMPILATION_MODE = wholemodule;
				SWIFT_OPTIMIZATION_LEVEL = "-O";
			};
			name = Release;
		};
		FA4AC70E25F820AA00B8F291 /* Debug */ = {
			isa = XCBuildConfiguration;
			buildSettings = {
				CODE_SIGN_STYLE = Automatic;
				DEVELOPMENT_TEAM = W84RFLPT9M;
				ENABLE_HARDENED_RUNTIME = YES;
				PRODUCT_NAME = "$(TARGET_NAME)";
				SWIFT_VERSION = 5.0;
			};
			name = Debug;
		};
		FA4AC70F25F820AA00B8F291 /* Release */ = {
			isa = XCBuildConfiguration;
			buildSettings = {
				CODE_SIGN_STYLE = Automatic;
				DEVELOPMENT_TEAM = W84RFLPT9M;
				ENABLE_HARDENED_RUNTIME = YES;
				PRODUCT_NAME = "$(TARGET_NAME)";
				SWIFT_VERSION = 5.0;
			};
			name = Release;
		};
/* End XCBuildConfiguration section */

/* Begin XCConfigurationList section */
		FA4AC70125F820AA00B8F291 /* Build configuration list for PBXProject "AlgorithmsDataStructures" */ = {
			isa = XCConfigurationList;
			buildConfigurations = (
				FA4AC70B25F820AA00B8F291 /* Debug */,
				FA4AC70C25F820AA00B8F291 /* Release */,
			);
			defaultConfigurationIsVisible = 0;
			defaultConfigurationName = Release;
		};
		FA4AC70D25F820AA00B8F291 /* Build configuration list for PBXNativeTarget "AlgorithmsDataStructures" */ = {
			isa = XCConfigurationList;
			buildConfigurations = (
				FA4AC70E25F820AA00B8F291 /* Debug */,
				FA4AC70F25F820AA00B8F291 /* Release */,
			);
			defaultConfigurationIsVisible = 0;
			defaultConfigurationName = Release;
		};
/* End XCConfigurationList section */
	};
	rootObject = FA4AC6FE25F820AA00B8F291 /* Project object */;
}
